{
  "name": "codekit-project",
  "version": "1.0.0",
  "lockfileVersion": 1,
  "requires": true,
  "dependencies": {
    "@wikimedia/jquery.i18n": {
      "version": "1.0.5",
      "resolved": "https://registry.npmjs.org/@wikimedia/jquery.i18n/-/jquery.i18n-1.0.5.tgz",
      "integrity": "sha512-XXvZ+kUnNAkQwO25J6E4FrmOUiMX/eQ9yTG195GxH/S2XTSlaKfKDXPdGTfyaoWf1IJ/4wqkS30Uy0RjHyQiqg=="
    },
    "particles.js": {
      "version": "2.0.0",
      "resolved": "https://registry.npmjs.org/particles.js/-/particles.js-2.0.0.tgz",
      "integrity": "sha1-IThsQyjWx/lngKIB6W7t/AnHNvY="
    }
  }
}
